
Microsoft Visual Studio Solution File, Format Version 12.00
# Visual Studio Version 17
VisualStudioVersion = 17.5.33516.290
MinimumVisualStudioVersion = 10.0.40219.1
Project("{FAE04EC0-301F-11D3-BF4B-00C04F79EFBC}") = "BetterTasks", "BetterTasks.csproj", "{BBEF8B13-8581-47D5-8EE1-B8BD228B9327}"
EndProject
Global
	GlobalSection(SolutionConfigurationPlatforms) = preSolution
		Debug|Any CPU = Debug|Any CPU
		Release|Any CPU = Release|Any CPU
	EndGlobalSection
	GlobalSection(ProjectConfigurationPlatforms) = postSolution
		{BBEF8B13-8581-47D5-8EE1-B8BD228B9327}.Debug|Any CPU.ActiveCfg = Debug|Any CPU
		{BBEF8B13-8581-47D5-8EE1-B8BD228B9327}.Debug|Any CPU.Build.0 = Debug|Any CPU
		{BBEF8B13-8581-47D5-8EE1-B8BD228B9327}.Release|Any CPU.ActiveCfg = Release|Any CPU
		{BBEF8B13-8581-47D5-8EE1-B8BD228B9327}.Release|Any CPU.Build.0 = Release|Any CPU
	EndGlobalSection
	GlobalSection(SolutionProperties) = preSolution
		HideSolutionNode = FALSE
	EndGlobalSection
	GlobalSection(ExtensibilityGlobals) = postSolution
		SolutionGuid = {0ECF24E4-8394-46CE-A50D-957FF221F8ED}
	EndGlobalSection
EndGlobal
